
Microsoft Visual Studio Solution File, Format Version 12.00
# Visual Studio Version 16
VisualStudioVersion = 16.0.28516.95
MinimumVisualStudioVersion = 10.0.40219.1
Project("{2150E333-8FDC-42A3-9474-1A3956D46DE8}") = "src", "src", "{9396F8F4-299D-427C-B829-EF9A931DAA3C}"
EndProject
Project("{2150E333-8FDC-42A3-9474-1A3956D46DE8}") = "Solution Items", "Solution Items", "{29C82942-7831-4838-8E05-C15DC4390D8B}"
	ProjectSection(SolutionItems) = preProject
		build\common.props = build\common.props
		NuGet.config = NuGet.config
		README.md = README.md
		build\Spreads.props = build\Spreads.props
	EndProjectSection
EndProject
Project("{2150E333-8FDC-42A3-9474-1A3956D46DE8}") = "test", "test", "{ECB63F46-D037-4EEA-A4CD-BF18B5B9D2C4}"
EndProject
Project("{9A19103F-16F7-4668-BE54-9A1E7A4F7556}") = "Spreads.SQLite", "src\Spreads.SQLite\Spreads.SQLite.csproj", "{DD66BDB6-B329-4EDA-A61E-4E7FCF61A37D}"
EndProject
Project("{9A19103F-16F7-4668-BE54-9A1E7A4F7556}") = "Spreads.SQLite.Tests", "test\Spreads.Sqlite.Tests\Spreads.SQLite.Tests.csproj", "{A22C9665-E186-4735-981B-AE9D946DEF5E}"
EndProject
Project("{9A19103F-16F7-4668-BE54-9A1E7A4F7556}") = "Spreads.SQLite.Tests.Run", "test\Spreads.Sqlite.Tests.Run\Spreads.SQLite.Tests.Run.csproj", "{5ACDF794-57B1-4AAC-A1BB-971793677772}"
EndProject
Global
	GlobalSection(SolutionConfigurationPlatforms) = preSolution
		Debug|Any CPU = Debug|Any CPU
		Debug|ARM = Debug|ARM
		Debug|x64 = Debug|x64
		Debug|x86 = Debug|x86
		Release|Any CPU = Release|Any CPU
		Release|ARM = Release|ARM
		Release|x64 = Release|x64
		Release|x86 = Release|x86
	EndGlobalSection
	GlobalSection(ProjectConfigurationPlatforms) = postSolution
		{DD66BDB6-B329-4EDA-A61E-4E7FCF61A37D}.Debug|Any CPU.ActiveCfg = Debug|Any CPU
		{DD66BDB6-B329-4EDA-A61E-4E7FCF61A37D}.Debug|Any CPU.Build.0 = Debug|Any CPU
		{DD66BDB6-B329-4EDA-A61E-4E7FCF61A37D}.Debug|ARM.ActiveCfg = Debug|Any CPU
		{DD66BDB6-B329-4EDA-A61E-4E7FCF61A37D}.Debug|ARM.Build.0 = Debug|Any CPU
		{DD66BDB6-B329-4EDA-A61E-4E7FCF61A37D}.Debug|x64.ActiveCfg = Debug|Any CPU
		{DD66BDB6-B329-4EDA-A61E-4E7FCF61A37D}.Debug|x64.Build.0 = Debug|Any CPU
		{DD66BDB6-B329-4EDA-A61E-4E7FCF61A37D}.Debug|x86.ActiveCfg = Debug|Any CPU
		{DD66BDB6-B329-4EDA-A61E-4E7FCF61A37D}.Debug|x86.Build.0 = Debug|Any CPU
		{DD66BDB6-B329-4EDA-A61E-4E7FCF61A37D}.Release|Any CPU.ActiveCfg = Release|Any CPU
		{DD66BDB6-B329-4EDA-A61E-4E7FCF61A37D}.Release|Any CPU.Build.0 = Release|Any CPU
		{DD66BDB6-B329-4EDA-A61E-4E7FCF61A37D}.Release|ARM.ActiveCfg = Release|Any CPU
		{DD66BDB6-B329-4EDA-A61E-4E7FCF61A37D}.Release|ARM.Build.0 = Release|Any CPU
		{DD66BDB6-B329-4EDA-A61E-4E7FCF61A37D}.Release|x64.ActiveCfg = Release|Any CPU
		{DD66BDB6-B329-4EDA-A61E-4E7FCF61A37D}.Release|x64.Build.0 = Release|Any CPU
		{DD66BDB6-B329-4EDA-A61E-4E7FCF61A37D}.Release|x86.ActiveCfg = Release|Any CPU
		{DD66BDB6-B329-4EDA-A61E-4E7FCF61A37D}.Release|x86.Build.0 = Release|Any CPU
		{A22C9665-E186-4735-981B-AE9D946DEF5E}.Debug|Any CPU.ActiveCfg = Debug|Any CPU
		{A22C9665-E186-4735-981B-AE9D946DEF5E}.Debug|Any CPU.Build.0 = Debug|Any CPU
		{A22C9665-E186-4735-981B-AE9D946DEF5E}.Debug|ARM.ActiveCfg = Debug|Any CPU
		{A22C9665-E186-4735-981B-AE9D946DEF5E}.Debug|ARM.Build.0 = Debug|Any CPU
		{A22C9665-E186-4735-981B-AE9D946DEF5E}.Debug|x64.ActiveCfg = Debug|Any CPU
		{A22C9665-E186-4735-981B-AE9D946DEF5E}.Debug|x64.Build.0 = Debug|Any CPU
		{A22C9665-E186-4735-981B-AE9D946DEF5E}.Debug|x86.ActiveCfg = Debug|Any CPU
		{A22C9665-E186-4735-981B-AE9D946DEF5E}.Debug|x86.Build.0 = Debug|Any CPU
		{A22C9665-E186-4735-981B-AE9D946DEF5E}.Release|Any CPU.ActiveCfg = Release|Any CPU
		{A22C9665-E186-4735-981B-AE9D946DEF5E}.Release|Any CPU.Build.0 = Release|Any CPU
		{A22C9665-E186-4735-981B-AE9D946DEF5E}.Release|ARM.ActiveCfg = Release|Any CPU
		{A22C9665-E186-4735-981B-AE9D946DEF5E}.Release|ARM.Build.0 = Release|Any CPU
		{A22C9665-E186-4735-981B-AE9D946DEF5E}.Release|x64.ActiveCfg = Release|Any CPU
		{A22C9665-E186-4735-981B-AE9D946DEF5E}.Release|x64.Build.0 = Release|Any CPU
		{A22C9665-E186-4735-981B-AE9D946DEF5E}.Release|x86.ActiveCfg = Release|Any CPU
		{A22C9665-E186-4735-981B-AE9D946DEF5E}.Release|x86.Build.0 = Release|Any CPU
		{5ACDF794-57B1-4AAC-A1BB-971793677772}.Debug|Any CPU.ActiveCfg = Debug|Any CPU
		{5ACDF794-57B1-4AAC-A1BB-971793677772}.Debug|Any CPU.Build.0 = Debug|Any CPU
		{5ACDF794-57B1-4AAC-A1BB-971793677772}.Debug|ARM.ActiveCfg = Debug|Any CPU
		{5ACDF794-57B1-4AAC-A1BB-971793677772}.Debug|ARM.Build.0 = Debug|Any CPU
		{5ACDF794-57B1-4AAC-A1BB-971793677772}.Debug|x64.ActiveCfg = Debug|Any CPU
		{5ACDF794-57B1-4AAC-A1BB-971793677772}.Debug|x64.Build.0 = Debug|Any CPU
		{5ACDF794-57B1-4AAC-A1BB-971793677772}.Debug|x86.ActiveCfg = Debug|Any CPU
		{5ACDF794-57B1-4AAC-A1BB-971793677772}.Debug|x86.Build.0 = Debug|Any CPU
		{5ACDF794-57B1-4AAC-A1BB-971793677772}.Release|Any CPU.ActiveCfg = Release|Any CPU
		{5ACDF794-57B1-4AAC-A1BB-971793677772}.Release|Any CPU.Build.0 = Release|Any CPU
		{5ACDF794-57B1-4AAC-A1BB-971793677772}.Release|ARM.ActiveCfg = Release|Any CPU
		{5ACDF794-57B1-4AAC-A1BB-971793677772}.Release|ARM.Build.0 = Release|Any CPU
		{5ACDF794-57B1-4AAC-A1BB-971793677772}.Release|x64.ActiveCfg = Release|Any CPU
		{5ACDF794-57B1-4AAC-A1BB-971793677772}.Release|x64.Build.0 = Release|Any CPU
		{5ACDF794-57B1-4AAC-A1BB-971793677772}.Release|x86.ActiveCfg = Release|Any CPU
		{5ACDF794-57B1-4AAC-A1BB-971793677772}.Release|x86.Build.0 = Release|Any CPU
	EndGlobalSection
	GlobalSection(SolutionProperties) = preSolution
		HideSolutionNode = FALSE
	EndGlobalSection
	GlobalSection(NestedProjects) = preSolution
		{DD66BDB6-B329-4EDA-A61E-4E7FCF61A37D} = {9396F8F4-299D-427C-B829-EF9A931DAA3C}
		{A22C9665-E186-4735-981B-AE9D946DEF5E} = {ECB63F46-D037-4EEA-A4CD-BF18B5B9D2C4}
		{5ACDF794-57B1-4AAC-A1BB-971793677772} = {ECB63F46-D037-4EEA-A4CD-BF18B5B9D2C4}
	EndGlobalSection
	GlobalSection(ExtensibilityGlobals) = postSolution
		SolutionGuid = {8BBADBB6-B520-4CD4-9D8D-0DA17732FE24}
	EndGlobalSection
EndGlobal
